
Microsoft Visual Studio Solution File, Format Version 12.00
# Visual Studio Version 16
VisualStudioVersion = 16.0.31729.503
MinimumVisualStudioVersion = 10.0.40219.1
Project("{FAE04EC0-301F-11D3-BF4B-00C04F79EFBC}") = "Gallery", "Gallery\Gallery.csproj", "{06770CE2-626F-4B04-86A9-4F80419BD9CC}"
EndProject
Global
	GlobalSection(SolutionConfigurationPlatforms) = preSolution
		Debug|Any CPU = Debug|Any CPU
		Release|Any CPU = Release|Any CPU
	EndGlobalSection
	GlobalSection(ProjectConfigurationPlatforms) = postSolution
		{06770CE2-626F-4B04-86A9-4F80419BD9CC}.Debug|Any CPU.ActiveCfg = Debug|Any CPU
		{06770CE2-626F-4B04-86A9-4F80419BD9CC}.Debug|Any CPU.Build.0 = Debug|Any CPU
		{06770CE2-626F-4B04-86A9-4F80419BD9CC}.Release|Any CPU.ActiveCfg = Release|Any CPU
		{06770CE2-626F-4B04-86A9-4F80419BD9CC}.Release|Any CPU.Build.0 = Release|Any CPU
	EndGlobalSection
	GlobalSection(SolutionProperties) = preSolution
		HideSolutionNode = FALSE
	EndGlobalSection
	GlobalSection(ExtensibilityGlobals) = postSolution
		SolutionGuid = {889BE416-37D9-4EDF-A8C1-3401D59BA635}
	EndGlobalSection
EndGlobal
